
Microsoft Visual Studio Solution File, Format Version 12.00
# Visual Studio 15
VisualStudioVersion = 15.0.27130.2027
MinimumVisualStudioVersion = 10.0.40219.1
Project("{FAE04EC0-301F-11D3-BF4B-00C04F79EFBC}") = "CheeseMVC", "CheeseMVC\CheeseMVC.csproj", "{922C062C-936B-40B8-9E60-191288059DB8}"
EndProject
Global
	GlobalSection(SolutionConfigurationPlatforms) = preSolution
		Debug|Any CPU = Debug|Any CPU
		Release|Any CPU = Release|Any CPU
	EndGlobalSection
	GlobalSection(ProjectConfigurationPlatforms) = postSolution
		{922C062C-936B-40B8-9E60-191288059DB8}.Debug|Any CPU.ActiveCfg = Debug|Any CPU
		{922C062C-936B-40B8-9E60-191288059DB8}.Debug|Any CPU.Build.0 = Debug|Any CPU
		{922C062C-936B-40B8-9E60-191288059DB8}.Release|Any CPU.ActiveCfg = Release|Any CPU
		{922C062C-936B-40B8-9E60-191288059DB8}.Release|Any CPU.Build.0 = Release|Any CPU
	EndGlobalSection
	GlobalSection(SolutionProperties) = preSolution
		HideSolutionNode = FALSE
	EndGlobalSection
	GlobalSection(ExtensibilityGlobals) = postSolution
		SolutionGuid = {C9822850-C189-495C-8459-A5E00736D088}
	EndGlobalSection
EndGlobal
